
Microsoft Visual Studio Solution File, Format Version 12.00
# Visual Studio 15
VisualStudioVersion = 15.0.27428.2027
MinimumVisualStudioVersion = 10.0.40219.1
Project("{FAE04EC0-301F-11D3-BF4B-00C04F79EFBC}") = "Ducks", "Ducks\Ducks.csproj", "{2A964A73-3F0C-4701-A1D5-7D3CF207E22B}"
EndProject
Global
	GlobalSection(SolutionConfigurationPlatforms) = preSolution
		Debug|Any CPU = Debug|Any CPU
		Release|Any CPU = Release|Any CPU
	EndGlobalSection
	GlobalSection(ProjectConfigurationPlatforms) = postSolution
		{2A964A73-3F0C-4701-A1D5-7D3CF207E22B}.Debug|Any CPU.ActiveCfg = Debug|Any CPU
		{2A964A73-3F0C-4701-A1D5-7D3CF207E22B}.Debug|Any CPU.Build.0 = Debug|Any CPU
		{2A964A73-3F0C-4701-A1D5-7D3CF207E22B}.Release|Any CPU.ActiveCfg = Release|Any CPU
		{2A964A73-3F0C-4701-A1D5-7D3CF207E22B}.Release|Any CPU.Build.0 = Release|Any CPU
	EndGlobalSection
	GlobalSection(SolutionProperties) = preSolution
		HideSolutionNode = FALSE
	EndGlobalSection
	GlobalSection(ExtensibilityGlobals) = postSolution
		SolutionGuid = {BF406CFF-92CD-4A4B-9227-B0D414B8375C}
	EndGlobalSection
EndGlobal
